{
  "requires": true,
  "lockfileVersion": 1,
  "dependencies": {
    "@angular/animations": {
      "version": "8.2.9",
      "resolved": "https://registry.npmjs.org/@angular/animations/-/animations-8.2.9.tgz",
      "integrity": "sha512-l30AF0d9P5okTPM1wieUHgcnDyGSNvyaBcxXSOkT790wAP2v5zs7VrKq9Lm+ICu4Nkx07KrOr5XLUHhqsg3VXA==",
      "requires": {
        "tslib": "^1.9.0"
      }
    },
    "primeicons": {
      "version": "2.0.0",
      "resolved": "https://registry.npmjs.org/primeicons/-/primeicons-2.0.0.tgz",
      "integrity": "sha512-GJTCeMSQU8UU1GqbsaDrg/IH+b/vSinJQl52NVpdJ7sShYLZA8Eq6jLF48Ye3N/dQloGrE07i7XsZvxQ9pNbqg=="
    },
    "primeng": {
      "version": "8.0.3",
      "resolved": "https://registry.npmjs.org/primeng/-/primeng-8.0.3.tgz",
      "integrity": "sha512-WLSyPQ9Ig7AC9d7JRenhSMjyUqPhBpNtqQ68b9D93BsyXmvhAHUQb+3S4OTQNMKMi+l1uJSKcTZ0NWRT8xDu8Q=="
    },
    "tslib": {
      "version": "1.10.0",
      "resolved": "https://registry.npmjs.org/tslib/-/tslib-1.10.0.tgz",
      "integrity": "sha512-qOebF53frne81cf0S9B41ByenJ3/IuH8yJKngAX35CmiZySA0khhkovshKK+jGCaMnVomla7gVlIcc3EvKPbTQ=="
    }
  }
}
